
Microsoft Visual Studio Solution File, Format Version 12.00
# Visual Studio Version 17
VisualStudioVersion = 17.0.31903.59
MinimumVisualStudioVersion = 10.0.40219.1
Project("{FAE04EC0-301F-11D3-BF4B-00C04F79EFBC}") = "diploma_sharp_api", "diploma_sharp_api\diploma_sharp_api.csproj", "{46D395D9-21BA-4D7E-86F9-8567AB8AB203}"
EndProject
Global
	GlobalSection(SolutionConfigurationPlatforms) = preSolution
		Debug|Any CPU = Debug|Any CPU
		Release|Any CPU = Release|Any CPU
	EndGlobalSection
	GlobalSection(SolutionProperties) = preSolution
		HideSolutionNode = FALSE
	EndGlobalSection
	GlobalSection(ProjectConfigurationPlatforms) = postSolution
		{46D395D9-21BA-4D7E-86F9-8567AB8AB203}.Debug|Any CPU.ActiveCfg = Debug|Any CPU
		{46D395D9-21BA-4D7E-86F9-8567AB8AB203}.Debug|Any CPU.Build.0 = Debug|Any CPU
		{46D395D9-21BA-4D7E-86F9-8567AB8AB203}.Release|Any CPU.ActiveCfg = Release|Any CPU
		{46D395D9-21BA-4D7E-86F9-8567AB8AB203}.Release|Any CPU.Build.0 = Release|Any CPU
	EndGlobalSection
EndGlobal
